
Microsoft Visual Studio Solution File, Format Version 12.00
# Visual Studio 15
Project("{FAE04EC0-301F-11D3-BF4B-00C04F79EFBC}") = "Assembly-CSharp", "Assembly-CSharp.csproj", "{C0CAC08D-8D30-60D2-D02B-A4214687F0C0}"
EndProject
Project("{FAE04EC0-301F-11D3-BF4B-00C04F79EFBC}") = "Assembly-CSharp-firstpass", "Assembly-CSharp-firstpass.csproj", "{ACE04C13-8879-41CE-ABF5-F8B8B01E399F}"
EndProject
Project("{FAE04EC0-301F-11D3-BF4B-00C04F79EFBC}") = "Assembly-CSharp-Editor-firstpass", "Assembly-CSharp-Editor-firstpass.csproj", "{6EA2DFF2-A8B9-EC26-FF8B-35CB94D44E32}"
EndProject
Global
	GlobalSection(SolutionConfigurationPlatforms) = preSolution
		Debug|Any CPU = Debug|Any CPU
		Release|Any CPU = Release|Any CPU
	EndGlobalSection
	GlobalSection(ProjectConfigurationPlatforms) = postSolution
		{C0CAC08D-8D30-60D2-D02B-A4214687F0C0}.Debug|Any CPU.ActiveCfg = Debug|Any CPU
		{C0CAC08D-8D30-60D2-D02B-A4214687F0C0}.Debug|Any CPU.Build.0 = Debug|Any CPU
		{C0CAC08D-8D30-60D2-D02B-A4214687F0C0}.Release|Any CPU.ActiveCfg = Release|Any CPU
		{C0CAC08D-8D30-60D2-D02B-A4214687F0C0}.Release|Any CPU.Build.0 = Release|Any CPU
		{ACE04C13-8879-41CE-ABF5-F8B8B01E399F}.Debug|Any CPU.ActiveCfg = Debug|Any CPU
		{ACE04C13-8879-41CE-ABF5-F8B8B01E399F}.Debug|Any CPU.Build.0 = Debug|Any CPU
		{ACE04C13-8879-41CE-ABF5-F8B8B01E399F}.Release|Any CPU.ActiveCfg = Release|Any CPU
		{ACE04C13-8879-41CE-ABF5-F8B8B01E399F}.Release|Any CPU.Build.0 = Release|Any CPU
		{6EA2DFF2-A8B9-EC26-FF8B-35CB94D44E32}.Debug|Any CPU.ActiveCfg = Debug|Any CPU
		{6EA2DFF2-A8B9-EC26-FF8B-35CB94D44E32}.Debug|Any CPU.Build.0 = Debug|Any CPU
		{6EA2DFF2-A8B9-EC26-FF8B-35CB94D44E32}.Release|Any CPU.ActiveCfg = Release|Any CPU
		{6EA2DFF2-A8B9-EC26-FF8B-35CB94D44E32}.Release|Any CPU.Build.0 = Release|Any CPU
	EndGlobalSection
	GlobalSection(SolutionProperties) = preSolution
		HideSolutionNode = FALSE
	EndGlobalSection
EndGlobal
